
Microsoft Visual Studio Solution File, Format Version 12.00
# Visual Studio 2015
Project("{FAE04EC0-301F-11D3-BF4B-00C04F79EFBC}") = "JrEngineer", "JrEngineer.csproj", "{660F6280-B334-8330-ADA5-1DB44211AF9E}"
EndProject
Global
	GlobalSection(SolutionConfigurationPlatforms) = preSolution
		Debug|Any CPU = Debug|Any CPU
		Release|Any CPU = Release|Any CPU
	EndGlobalSection
	GlobalSection(ProjectConfigurationPlatforms) = postSolution
		{660F6280-B334-8330-ADA5-1DB44211AF9E}.Debug|Any CPU.ActiveCfg = Debug|Any CPU
		{660F6280-B334-8330-ADA5-1DB44211AF9E}.Debug|Any CPU.Build.0 = Debug|Any CPU
		{660F6280-B334-8330-ADA5-1DB44211AF9E}.Release|Any CPU.ActiveCfg = Release|Any CPU
		{660F6280-B334-8330-ADA5-1DB44211AF9E}.Release|Any CPU.Build.0 = Release|Any CPU
	EndGlobalSection
	GlobalSection(SolutionProperties) = preSolution
		HideSolutionNode = FALSE
	EndGlobalSection
EndGlobal
